
Microsoft Visual Studio Solution File, Format Version 12.00
# Visual Studio Version 16
VisualStudioVersion = 16.0.31624.102
MinimumVisualStudioVersion = 10.0.40219.1
Project("{2150E333-8FDC-42A3-9474-1A3956D46DE8}") = "01-Domain", "01-Domain", "{E3D72CB3-760E-436F-95F2-73DF693477C8}"
EndProject
Project("{2150E333-8FDC-42A3-9474-1A3956D46DE8}") = "02-Application", "02-Application", "{3BF45A2D-6C7E-455C-AF5A-909B1BF42B9B}"
EndProject
Project("{2150E333-8FDC-42A3-9474-1A3956D46DE8}") = "03-Services", "03-Services", "{2558F1DF-2B52-427D-8150-27859D62BFEC}"
EndProject
Project("{9A19103F-16F7-4668-BE54-9A1E7A4F7556}") = "Akasia.Domain", "src\01-Domain\Akasia.Domain\Akasia.Domain.csproj", "{8AEAE3BF-93C5-4F30-9317-012611831C27}"
EndProject
Project("{9A19103F-16F7-4668-BE54-9A1E7A4F7556}") = "Akasia.Application", "src\02-Application\Akasia.Application\Akasia.Application.csproj", "{81F5E30C-4615-41A9-A447-8A0818D2A072}"
EndProject
Project("{9A19103F-16F7-4668-BE54-9A1E7A4F7556}") = "Akasia.Services", "src\03-Services\Akasia.Services\Akasia.Services.csproj", "{03DD7BF5-74AC-49A9-809B-3BA6428635FF}"
EndProject
Project("{2150E333-8FDC-42A3-9474-1A3956D46DE8}") = "04-Infra", "04-Infra", "{DADF5CE2-1452-45B9-854C-1F2C0F1D9645}"
EndProject
Project("{FAE04EC0-301F-11D3-BF4B-00C04F79EFBC}") = "Akasia.Infra", "src\04-Infra\Akasia.Infra\Akasia.Infra.csproj", "{F5D84FA3-1CA2-42DF-B5FE-1B06F3F49A90}"
EndProject
Project("{2150E333-8FDC-42A3-9474-1A3956D46DE8}") = "05-API", "05-API", "{59E598B1-3927-4052-A14F-89645A4113E1}"
EndProject
Project("{FAE04EC0-301F-11D3-BF4B-00C04F79EFBC}") = "Akasia.Grpc", "src\05-API\Akasia.Grpc\Akasia.Grpc.csproj", "{A677441E-F98F-4D30-81F9-365772FC94BB}"
EndProject
Project("{00D1A9C2-B5F0-4AF3-8072-F6C62B433612}") = "Akasia.SQL", "src\04-Infra\Akasia.SQL\Akasia.SQL.sqlproj", "{BF6CA9BF-B3AC-439D-BAF4-C6B9187227F6}"
EndProject
Project("{2150E333-8FDC-42A3-9474-1A3956D46DE8}") = "06-UI", "06-UI", "{E3B015F9-7A83-4600-996F-F7ACC0D3B1FD}"
EndProject
Project("{FAE04EC0-301F-11D3-BF4B-00C04F79EFBC}") = "Akasia.BlazorUI", "src\06-UI\Akasia.BlazorUI\Akasia.BlazorUI.csproj", "{197AE311-DD6C-4B9E-A1D4-640922A83343}"
EndProject
Project("{2150E333-8FDC-42A3-9474-1A3956D46DE8}") = "07-Test", "07-Test", "{1540FB41-6E3D-4EDF-BA1C-BFE698569646}"
EndProject
Project("{FAE04EC0-301F-11D3-BF4B-00C04F79EFBC}") = "Akasia.Test", "src\07-Test\Akasia.Test\Akasia.Test.csproj", "{29DA226A-B4FE-4774-A4BB-A6BD9270D87F}"
EndProject
Project("{2150E333-8FDC-42A3-9474-1A3956D46DE8}") = "Security", "Security", "{6907F5AA-505B-4496-B8C3-86C6C109720A}"
EndProject
Project("{FAE04EC0-301F-11D3-BF4B-00C04F79EFBC}") = "Akasia.Security", "src\Security\Akasia.Security\Akasia.Security.csproj", "{056D6487-F7E4-4EB3-92E6-55382C2A1FB8}"
EndProject
Global
	GlobalSection(SolutionConfigurationPlatforms) = preSolution
		Debug|Any CPU = Debug|Any CPU
		Release|Any CPU = Release|Any CPU
	EndGlobalSection
	GlobalSection(ProjectConfigurationPlatforms) = postSolution
		{8AEAE3BF-93C5-4F30-9317-012611831C27}.Debug|Any CPU.ActiveCfg = Debug|Any CPU
		{8AEAE3BF-93C5-4F30-9317-012611831C27}.Debug|Any CPU.Build.0 = Debug|Any CPU
		{8AEAE3BF-93C5-4F30-9317-012611831C27}.Release|Any CPU.ActiveCfg = Release|Any CPU
		{8AEAE3BF-93C5-4F30-9317-012611831C27}.Release|Any CPU.Build.0 = Release|Any CPU
		{81F5E30C-4615-41A9-A447-8A0818D2A072}.Debug|Any CPU.ActiveCfg = Debug|Any CPU
		{81F5E30C-4615-41A9-A447-8A0818D2A072}.Debug|Any CPU.Build.0 = Debug|Any CPU
		{81F5E30C-4615-41A9-A447-8A0818D2A072}.Release|Any CPU.ActiveCfg = Release|Any CPU
		{81F5E30C-4615-41A9-A447-8A0818D2A072}.Release|Any CPU.Build.0 = Release|Any CPU
		{03DD7BF5-74AC-49A9-809B-3BA6428635FF}.Debug|Any CPU.ActiveCfg = Debug|Any CPU
		{03DD7BF5-74AC-49A9-809B-3BA6428635FF}.Debug|Any CPU.Build.0 = Debug|Any CPU
		{03DD7BF5-74AC-49A9-809B-3BA6428635FF}.Release|Any CPU.ActiveCfg = Release|Any CPU
		{03DD7BF5-74AC-49A9-809B-3BA6428635FF}.Release|Any CPU.Build.0 = Release|Any CPU
		{F5D84FA3-1CA2-42DF-B5FE-1B06F3F49A90}.Debug|Any CPU.ActiveCfg = Debug|Any CPU
		{F5D84FA3-1CA2-42DF-B5FE-1B06F3F49A90}.Debug|Any CPU.Build.0 = Debug|Any CPU
		{F5D84FA3-1CA2-42DF-B5FE-1B06F3F49A90}.Release|Any CPU.ActiveCfg = Release|Any CPU
		{F5D84FA3-1CA2-42DF-B5FE-1B06F3F49A90}.Release|Any CPU.Build.0 = Release|Any CPU
		{A677441E-F98F-4D30-81F9-365772FC94BB}.Debug|Any CPU.ActiveCfg = Debug|Any CPU
		{A677441E-F98F-4D30-81F9-365772FC94BB}.Debug|Any CPU.Build.0 = Debug|Any CPU
		{A677441E-F98F-4D30-81F9-365772FC94BB}.Release|Any CPU.ActiveCfg = Release|Any CPU
		{A677441E-F98F-4D30-81F9-365772FC94BB}.Release|Any CPU.Build.0 = Release|Any CPU
		{BF6CA9BF-B3AC-439D-BAF4-C6B9187227F6}.Debug|Any CPU.ActiveCfg = Debug|Any CPU
		{BF6CA9BF-B3AC-439D-BAF4-C6B9187227F6}.Debug|Any CPU.Build.0 = Debug|Any CPU
		{BF6CA9BF-B3AC-439D-BAF4-C6B9187227F6}.Debug|Any CPU.Deploy.0 = Debug|Any CPU
		{BF6CA9BF-B3AC-439D-BAF4-C6B9187227F6}.Release|Any CPU.ActiveCfg = Release|Any CPU
		{BF6CA9BF-B3AC-439D-BAF4-C6B9187227F6}.Release|Any CPU.Build.0 = Release|Any CPU
		{BF6CA9BF-B3AC-439D-BAF4-C6B9187227F6}.Release|Any CPU.Deploy.0 = Release|Any CPU
		{197AE311-DD6C-4B9E-A1D4-640922A83343}.Debug|Any CPU.ActiveCfg = Debug|Any CPU
		{197AE311-DD6C-4B9E-A1D4-640922A83343}.Debug|Any CPU.Build.0 = Debug|Any CPU
		{197AE311-DD6C-4B9E-A1D4-640922A83343}.Release|Any CPU.ActiveCfg = Release|Any CPU
		{197AE311-DD6C-4B9E-A1D4-640922A83343}.Release|Any CPU.Build.0 = Release|Any CPU
		{29DA226A-B4FE-4774-A4BB-A6BD9270D87F}.Debug|Any CPU.ActiveCfg = Debug|Any CPU
		{29DA226A-B4FE-4774-A4BB-A6BD9270D87F}.Debug|Any CPU.Build.0 = Debug|Any CPU
		{29DA226A-B4FE-4774-A4BB-A6BD9270D87F}.Release|Any CPU.ActiveCfg = Release|Any CPU
		{29DA226A-B4FE-4774-A4BB-A6BD9270D87F}.Release|Any CPU.Build.0 = Release|Any CPU
		{056D6487-F7E4-4EB3-92E6-55382C2A1FB8}.Debug|Any CPU.ActiveCfg = Debug|Any CPU
		{056D6487-F7E4-4EB3-92E6-55382C2A1FB8}.Debug|Any CPU.Build.0 = Debug|Any CPU
		{056D6487-F7E4-4EB3-92E6-55382C2A1FB8}.Release|Any CPU.ActiveCfg = Release|Any CPU
		{056D6487-F7E4-4EB3-92E6-55382C2A1FB8}.Release|Any CPU.Build.0 = Release|Any CPU
	EndGlobalSection
	GlobalSection(SolutionProperties) = preSolution
		HideSolutionNode = FALSE
	EndGlobalSection
	GlobalSection(NestedProjects) = preSolution
		{8AEAE3BF-93C5-4F30-9317-012611831C27} = {E3D72CB3-760E-436F-95F2-73DF693477C8}
		{81F5E30C-4615-41A9-A447-8A0818D2A072} = {3BF45A2D-6C7E-455C-AF5A-909B1BF42B9B}
		{03DD7BF5-74AC-49A9-809B-3BA6428635FF} = {2558F1DF-2B52-427D-8150-27859D62BFEC}
		{F5D84FA3-1CA2-42DF-B5FE-1B06F3F49A90} = {DADF5CE2-1452-45B9-854C-1F2C0F1D9645}
		{A677441E-F98F-4D30-81F9-365772FC94BB} = {59E598B1-3927-4052-A14F-89645A4113E1}
		{BF6CA9BF-B3AC-439D-BAF4-C6B9187227F6} = {DADF5CE2-1452-45B9-854C-1F2C0F1D9645}
		{197AE311-DD6C-4B9E-A1D4-640922A83343} = {E3B015F9-7A83-4600-996F-F7ACC0D3B1FD}
		{29DA226A-B4FE-4774-A4BB-A6BD9270D87F} = {1540FB41-6E3D-4EDF-BA1C-BFE698569646}
		{056D6487-F7E4-4EB3-92E6-55382C2A1FB8} = {6907F5AA-505B-4496-B8C3-86C6C109720A}
	EndGlobalSection
	GlobalSection(ExtensibilityGlobals) = postSolution
		SolutionGuid = {82052E6D-53D0-4348-925D-A71AB8BD4383}
	EndGlobalSection
EndGlobal
